<?xml version="1.0" encoding="utf-8"?>
<Project ToolsVersion="4.0" xmlns="http://schemas.microsoft.com/developer/msbuild/2003">
  <ItemGroup>
    <Filter Include="Classes">
      <UniqueIdentifier>{4FC737F1-C7A5-4376-A066-2A32D752A2FF}</UniqueIdentifier>
      <Extensions>cpp;c;cc;cxx;def;odl;idl;hpj;bat;asm;asmx</Extensions>
    </Filter>
    <Filter Include="win32">
      <UniqueIdentifier>{93995380-89BD-4b04-88EB-625FBE52EBFB}</UniqueIdentifier>
      <Extensions>h;hpp;hxx;hm;inl;inc;xsd</Extensions>
    </Filter>
    <Filter Include="Classes\Utilities">
      <UniqueIdentifier>{af905ea3-2da3-431c-928f-333eaf587170}</UniqueIdentifier>
    </Filter>
    <Filter Include="Classes\Scene">
      <UniqueIdentifier>{1a24267c-c5d1-4f6b-9b6c-dd6867256996}</UniqueIdentifier>
    </Filter>
    <Filter Include="Classes\Utilities\FSM">
      <UniqueIdentifier>{684ced4b-9ee5-4e34-8222-ca7249a04e9a}</UniqueIdentifier>
    </Filter>
    <Filter Include="Classes\UI">
      <UniqueIdentifier>{1f5c6213-b0de-4e3b-906f-8a4f0559ccfa}</UniqueIdentifier>
    </Filter>
    <Filter Include="Classes\UI\TextFieldTTFLayer">
      <UniqueIdentifier>{d8fba6dd-8e40-4f62-aaa7-1983ba9eb9fa}</UniqueIdentifier>
    </Filter>
  </ItemGroup>
  <ItemGroup>
    <ClCompile Include="..\Classes\AppDelegate.cpp">
      <Filter>Classes</Filter>
    </ClCompile>
    <ClCompile Include="main.cpp">
      <Filter>win32</Filter>
    </ClCompile>
    <ClCompile Include="..\Classes\VisibleRect.cpp">
      <Filter>Classes</Filter>
    </ClCompile>
    <ClCompile Include="..\Classes\Scene\SceneBase.cpp">
      <Filter>Classes\Scene</Filter>
    </ClCompile>
    <ClCompile Include="..\Classes\Scene\SceneCredits.cpp">
      <Filter>Classes\Scene</Filter>
    </ClCompile>
    <ClCompile Include="..\Classes\Scene\SceneGame.cpp">
      <Filter>Classes\Scene</Filter>
    </ClCompile>
    <ClCompile Include="..\Classes\Scene\SceneManager.cpp">
      <Filter>Classes\Scene</Filter>
    </ClCompile>
    <ClCompile Include="..\Classes\Ui\UiManager.cpp">
      <Filter>Classes\UI</Filter>
    </ClCompile>
    <ClCompile Include="..\Classes\Scene\SceneLogin.cpp">
      <Filter>Classes\Scene</Filter>
    </ClCompile>
    <ClCompile Include="..\Classes\Scene\SceneHome.cpp">
      <Filter>Classes\Scene</Filter>
    </ClCompile>
    <ClCompile Include="..\Classes\Scene\SceneDoctor.cpp">
      <Filter>Classes\Scene</Filter>
    </ClCompile>
    <ClCompile Include="..\Classes\Scene\SceneTartar.cpp">
      <Filter>Classes\Scene</Filter>
    </ClCompile>
    <ClCompile Include="..\Classes\Ui\TextFieldTTFLayer\TextFieldTTFLayer.cpp">
      <Filter>Classes\UI\TextFieldTTFLayer</Filter>
    </ClCompile>
  </ItemGroup>
  <ItemGroup>
    <ClInclude Include="..\Classes\AppDelegate.h">
      <Filter>Classes</Filter>
    </ClInclude>
    <ClInclude Include="main.h">
      <Filter>win32</Filter>
    </ClInclude>
    <ClInclude Include="..\Classes\AppMacros.h">
      <Filter>Classes</Filter>
    </ClInclude>
    <ClInclude Include="..\Classes\ResourceDefines.h">
      <Filter>Classes</Filter>
    </ClInclude>
    <ClInclude Include="..\Classes\VisibleRect.h">
      <Filter>Classes</Filter>
    </ClInclude>
    <ClInclude Include="..\Classes\utilities\Utilities.h">
      <Filter>Classes\Utilities</Filter>
    </ClInclude>
    <ClInclude Include="..\Classes\Scene\SceneBase.h">
      <Filter>Classes\Scene</Filter>
    </ClInclude>
    <ClInclude Include="..\Classes\Scene\SceneCredits.h">
      <Filter>Classes\Scene</Filter>
    </ClInclude>
    <ClInclude Include="..\Classes\Scene\SceneGame.h">
      <Filter>Classes\Scene</Filter>
    </ClInclude>
    <ClInclude Include="..\Classes\Scene\SceneManager.h">
      <Filter>Classes\Scene</Filter>
    </ClInclude>
    <ClInclude Include="..\Classes\utilities\FSM\FsmInclude.h">
      <Filter>Classes\Utilities\FSM</Filter>
    </ClInclude>
    <ClInclude Include="..\Classes\utilities\FSM\FsmMacros.h">
      <Filter>Classes\Utilities\FSM</Filter>
    </ClInclude>
    <ClInclude Include="..\Classes\utilities\FSM\StateMacros.h">
      <Filter>Classes\Utilities\FSM</Filter>
    </ClInclude>
    <ClInclude Include="..\Classes\utilities\FSM\TransitionClusterMacros.h">
      <Filter>Classes\Utilities\FSM</Filter>
    </ClInclude>
    <ClInclude Include="..\Classes\utilities\FSM\TransitionMacros.h">
      <Filter>Classes\Utilities\FSM</Filter>
    </ClInclude>
    <ClInclude Include="..\Classes\utilities\FSM\Fsm.h">
      <Filter>Classes\Utilities\FSM</Filter>
    </ClInclude>
    <ClInclude Include="..\Classes\utilities\FSM\Fsm.hpp">
      <Filter>Classes\Utilities\FSM</Filter>
    </ClInclude>
    <ClInclude Include="..\Classes\utilities\Singleton.h">
      <Filter>Classes\Utilities</Filter>
    </ClInclude>
    <ClInclude Include="..\Classes\CommonHeaders.h">
      <Filter>Classes</Filter>
    </ClInclude>
    <ClInclude Include="..\Classes\utilities\TypeDefines.h">
      <Filter>Classes\Utilities</Filter>
    </ClInclude>
    <ClInclude Include="..\Classes\Ui\UiManager.h">
      <Filter>Classes\UI</Filter>
    </ClInclude>
    <ClInclude Include="..\Classes\Scene\SceneLogin.h">
      <Filter>Classes\Scene</Filter>
    </ClInclude>
    <ClInclude Include="..\Classes\Scene\SceneHome.h">
      <Filter>Classes\Scene</Filter>
    </ClInclude>
    <ClInclude Include="..\Classes\Scene\SceneDoctor.h">
      <Filter>Classes\Scene</Filter>
    </ClInclude>
    <ClInclude Include="..\Classes\Scene\SceneTartar.h">
      <Filter>Classes\Scene</Filter>
    </ClInclude>
    <ClInclude Include="..\Classes\Ui\TextFieldTTFLayer\TextFieldTTFLayer.h">
      <Filter>Classes\UI\TextFieldTTFLayer</Filter>
    </ClInclude>
  </ItemGroup>
</Project>