<?xml version="1.0" encoding="utf-8"?>
<Project ToolsVersion="4.0" xmlns="http://schemas.microsoft.com/developer/msbuild/2003">
  <ItemGroup>
    <Filter Include="Classes">
      <UniqueIdentifier>{4FC737F1-C7A5-4376-A066-2A32D752A2FF}</UniqueIdentifier>
      <Extensions>cpp;c;cc;cxx;def;odl;idl;hpj;bat;asm;asmx</Extensions>
    </Filter>
    <Filter Include="win32">
      <UniqueIdentifier>{93995380-89BD-4b04-88EB-625FBE52EBFB}</UniqueIdentifier>
      <Extensions>h;hpp;hxx;hm;inl;inc;xsd</Extensions>
    </Filter>
    <Filter Include="Classes\GameObject">
      <UniqueIdentifier>{574060e2-461a-4c03-863f-0a321546aca9}</UniqueIdentifier>
    </Filter>
    <Filter Include="Classes\Utilities">
      <UniqueIdentifier>{af905ea3-2da3-431c-928f-333eaf587170}</UniqueIdentifier>
    </Filter>
    <Filter Include="Classes\GameLogic">
      <UniqueIdentifier>{90d5b97a-a9e3-4314-baa8-d0f7b7146644}</UniqueIdentifier>
    </Filter>
    <Filter Include="Classes\GameObject\GameObjectManager">
      <UniqueIdentifier>{af77f817-9b21-4eae-8431-7b4265347b4f}</UniqueIdentifier>
    </Filter>
    <Filter Include="Classes\GameObject\Monsters">
      <UniqueIdentifier>{6a01f2ae-6653-4f8f-8b0e-11bd7f99bb47}</UniqueIdentifier>
    </Filter>
    <Filter Include="Classes\GameObject\Monsters\EarthMonster">
      <UniqueIdentifier>{efb5374f-44eb-4449-a9c6-24716b5ccfb5}</UniqueIdentifier>
    </Filter>
    <Filter Include="Classes\GameObject\Monsters\AirMonster">
      <UniqueIdentifier>{ac25be39-d43a-45b0-a1e6-2afc780a0c34}</UniqueIdentifier>
    </Filter>
    <Filter Include="Classes\GameObject\Items">
      <UniqueIdentifier>{cc9575cc-e220-4c18-a040-c56bfe8de058}</UniqueIdentifier>
    </Filter>
    <Filter Include="Classes\GameObject\Items\BuffItem">
      <UniqueIdentifier>{afa79031-443b-45cc-831f-4c5e748f6ffe}</UniqueIdentifier>
    </Filter>
    <Filter Include="Classes\Buff">
      <UniqueIdentifier>{60e03cc7-8233-4381-9710-ce4a0bf56106}</UniqueIdentifier>
    </Filter>
    <Filter Include="Classes\Buff\BuffManager">
      <UniqueIdentifier>{d4505b4a-7b6b-4899-b2ff-8626da15977a}</UniqueIdentifier>
    </Filter>
    <Filter Include="Classes\GameObject\Monsters\MonsterFactory">
      <UniqueIdentifier>{55658071-0881-47c1-932a-267c73bab66c}</UniqueIdentifier>
    </Filter>
    <Filter Include="Classes\Scene">
      <UniqueIdentifier>{1a24267c-c5d1-4f6b-9b6c-dd6867256996}</UniqueIdentifier>
    </Filter>
    <Filter Include="Classes\GameObject\FireBall">
      <UniqueIdentifier>{d9f8d84d-fcb9-4934-838b-70f181bfef9e}</UniqueIdentifier>
    </Filter>
    <Filter Include="CocoGUILIB">
      <UniqueIdentifier>{8120762f-4ad7-45a7-9b13-8203ab83956a}</UniqueIdentifier>
    </Filter>
    <Filter Include="CocoGUILIB\BaseClasses">
      <UniqueIdentifier>{52bfb52e-fcc9-4ba6-8f75-43ebbcc58b6a}</UniqueIdentifier>
    </Filter>
    <Filter Include="CocoGUILIB\BaseClasses\Graphics">
      <UniqueIdentifier>{98cb742a-aabd-407f-80c7-a4a61e7f69da}</UniqueIdentifier>
    </Filter>
    <Filter Include="CocoGUILIB\BaseClasses\Widget">
      <UniqueIdentifier>{e21c6852-65fe-4ea9-94d9-62d27769bdfc}</UniqueIdentifier>
    </Filter>
    <Filter Include="CocoGUILIB\CGraphics">
      <UniqueIdentifier>{7b2e53df-311c-4643-abfe-ceb8fd5abb06}</UniqueIdentifier>
    </Filter>
    <Filter Include="CocoGUILIB\Component">
      <UniqueIdentifier>{ebec01ee-d9ca-49c8-9267-6fa9b448ff4e}</UniqueIdentifier>
    </Filter>
    <Filter Include="CocoGUILIB\System">
      <UniqueIdentifier>{a70c2614-2f3b-462d-8b23-8120de503964}</UniqueIdentifier>
    </Filter>
    <Filter Include="CocoGUILIB\System\Json">
      <UniqueIdentifier>{e90bc7fc-197b-4e99-b70d-4698b9bf8da2}</UniqueIdentifier>
    </Filter>
    <Filter Include="CocoGUILIB\System\Json\json">
      <UniqueIdentifier>{9c71f4b8-9ae2-48df-8e4b-8fca93c5c947}</UniqueIdentifier>
    </Filter>
    <Filter Include="CocoGUILIB\System\Json\lib_json">
      <UniqueIdentifier>{1db646da-1bf8-4356-99bd-d78f8b7dddfa}</UniqueIdentifier>
    </Filter>
    <Filter Include="CocoGUILIB\UIElements">
      <UniqueIdentifier>{8293d949-2cc1-4671-ae3d-fcbe2b774db8}</UniqueIdentifier>
    </Filter>
    <Filter Include="Classes\Buff\TimeBuff">
      <UniqueIdentifier>{8e02e9f6-d39e-4c1c-9f04-54b9575a7165}</UniqueIdentifier>
    </Filter>
    <Filter Include="Classes\Utilities\FSM">
      <UniqueIdentifier>{684ced4b-9ee5-4e34-8222-ca7249a04e9a}</UniqueIdentifier>
    </Filter>
    <Filter Include="Classes\GameObject\Gpe">
      <UniqueIdentifier>{0a056f37-f8f7-4e4f-8631-31c2c6f019cd}</UniqueIdentifier>
    </Filter>
    <Filter Include="Classes\GameObject\Gpe\ReboundWall">
      <UniqueIdentifier>{ea7eaad5-c9a7-495c-b0f4-ec26913a0321}</UniqueIdentifier>
    </Filter>
  </ItemGroup>
  <ItemGroup>
    <ClCompile Include="..\Classes\AppDelegate.cpp">
      <Filter>Classes</Filter>
    </ClCompile>
    <ClCompile Include="main.cpp">
      <Filter>win32</Filter>
    </ClCompile>
    <ClCompile Include="..\Classes\VisibleRect.cpp">
      <Filter>Classes</Filter>
    </ClCompile>
    <ClCompile Include="..\Classes\GameObject\MainCharacter.cpp">
      <Filter>Classes\GameObject</Filter>
    </ClCompile>
    <ClCompile Include="..\Classes\GameLogic\MonsterGroupLogic.cpp">
      <Filter>Classes\GameLogic</Filter>
    </ClCompile>
    <ClCompile Include="..\Classes\GameObject\GameObjectManager\GameObjectManager.cpp">
      <Filter>Classes\GameObject\GameObjectManager</Filter>
    </ClCompile>
    <ClCompile Include="..\Classes\GameObject\GameObject.cpp">
      <Filter>Classes\GameObject</Filter>
    </ClCompile>
    <ClCompile Include="..\Classes\GameObject\Monsters\AirMonster\CrazyZombie.cpp">
      <Filter>Classes\GameObject\Monsters\AirMonster</Filter>
    </ClCompile>
    <ClCompile Include="..\Classes\GameObject\Monsters\EarthMonster\StoneMan.cpp">
      <Filter>Classes\GameObject\Monsters\EarthMonster</Filter>
    </ClCompile>
    <ClCompile Include="..\Classes\GameObject\Items\Item.cpp">
      <Filter>Classes\GameObject\Items</Filter>
    </ClCompile>
    <ClCompile Include="..\Classes\GameObject\Items\BuffItem\TimeFreezeItem.cpp">
      <Filter>Classes\GameObject\Items\BuffItem</Filter>
    </ClCompile>
    <ClCompile Include="..\Classes\Buff\Buff.cpp">
      <Filter>Classes\Buff</Filter>
    </ClCompile>
    <ClCompile Include="..\Classes\Buff\BuffManager\BuffManager.cpp">
      <Filter>Classes\Buff\BuffManager</Filter>
    </ClCompile>
    <ClCompile Include="..\Classes\GameObject\Monsters\MonsterFactory\MonsterFactory.cpp">
      <Filter>Classes\GameObject\Monsters\MonsterFactory</Filter>
    </ClCompile>
    <ClCompile Include="..\Classes\Scene\SceneBase.cpp">
      <Filter>Classes\Scene</Filter>
    </ClCompile>
    <ClCompile Include="..\Classes\Scene\SceneCredits.cpp">
      <Filter>Classes\Scene</Filter>
    </ClCompile>
    <ClCompile Include="..\Classes\Scene\SceneGame.cpp">
      <Filter>Classes\Scene</Filter>
    </ClCompile>
    <ClCompile Include="..\Classes\Scene\SceneManager.cpp">
      <Filter>Classes\Scene</Filter>
    </ClCompile>
    <ClCompile Include="..\Classes\GameObject\FireBall\Boomerang.cpp">
      <Filter>Classes\GameObject\FireBall</Filter>
    </ClCompile>
    <ClCompile Include="..\Classes\GameObject\FireBall\FireBall.cpp">
      <Filter>Classes\GameObject\FireBall</Filter>
    </ClCompile>
    <ClCompile Include="..\..\..\..\extensions\GUI\CocoGUILIB\BaseClasses\Graphics\UIElement.cpp">
      <Filter>CocoGUILIB\BaseClasses\Graphics</Filter>
    </ClCompile>
    <ClCompile Include="..\..\..\..\extensions\GUI\CocoGUILIB\BaseClasses\Widget\CocoContainerWidget.cpp">
      <Filter>CocoGUILIB\BaseClasses\Widget</Filter>
    </ClCompile>
    <ClCompile Include="..\..\..\..\extensions\GUI\CocoGUILIB\BaseClasses\Widget\CocoRootWidget.cpp">
      <Filter>CocoGUILIB\BaseClasses\Widget</Filter>
    </ClCompile>
    <ClCompile Include="..\..\..\..\extensions\GUI\CocoGUILIB\BaseClasses\Widget\CocoWidget.cpp">
      <Filter>CocoGUILIB\BaseClasses\Widget</Filter>
    </ClCompile>
    <ClCompile Include="..\..\..\..\extensions\GUI\CocoGUILIB\CGraphics\CClipAbleLayerColor.cpp">
      <Filter>CocoGUILIB\CGraphics</Filter>
    </ClCompile>
    <ClCompile Include="..\..\..\..\extensions\GUI\CocoGUILIB\CGraphics\CClipAbleSprite.cpp">
      <Filter>CocoGUILIB\CGraphics</Filter>
    </ClCompile>
    <ClCompile Include="..\..\..\..\extensions\GUI\CocoGUILIB\CGraphics\CLabelAtlas.cpp">
      <Filter>CocoGUILIB\CGraphics</Filter>
    </ClCompile>
    <ClCompile Include="..\..\..\..\extensions\GUI\CocoGUILIB\CGraphics\CPrimitivesNode.cpp">
      <Filter>CocoGUILIB\CGraphics</Filter>
    </ClCompile>
    <ClCompile Include="..\..\..\..\extensions\GUI\CocoGUILIB\CGraphics\CRenderNode.cpp">
      <Filter>CocoGUILIB\CGraphics</Filter>
    </ClCompile>
    <ClCompile Include="..\..\..\..\extensions\GUI\CocoGUILIB\CGraphics\CTextField.cpp">
      <Filter>CocoGUILIB\CGraphics</Filter>
    </ClCompile>
    <ClCompile Include="..\..\..\..\extensions\GUI\CocoGUILIB\CGraphics\GUINodeRGBA.cpp">
      <Filter>CocoGUILIB\CGraphics</Filter>
    </ClCompile>
    <ClCompile Include="..\..\..\..\extensions\GUI\CocoGUILIB\CGraphics\GUIScale9Sprite.cpp">
      <Filter>CocoGUILIB\CGraphics</Filter>
    </ClCompile>
    <ClCompile Include="..\..\..\..\extensions\GUI\CocoGUILIB\Component\CocoButton.cpp">
      <Filter>CocoGUILIB\Component</Filter>
    </ClCompile>
    <ClCompile Include="..\..\..\..\extensions\GUI\CocoGUILIB\Component\CocoCheckBox.cpp">
      <Filter>CocoGUILIB\Component</Filter>
    </ClCompile>
    <ClCompile Include="..\..\..\..\extensions\GUI\CocoGUILIB\Component\CocoImageButton.cpp">
      <Filter>CocoGUILIB\Component</Filter>
    </ClCompile>
    <ClCompile Include="..\..\..\..\extensions\GUI\CocoGUILIB\Component\CocoImageView.cpp">
      <Filter>CocoGUILIB\Component</Filter>
    </ClCompile>
    <ClCompile Include="..\..\..\..\extensions\GUI\CocoGUILIB\Component\CocoLabel.cpp">
      <Filter>CocoGUILIB\Component</Filter>
    </ClCompile>
    <ClCompile Include="..\..\..\..\extensions\GUI\CocoGUILIB\Component\CocoLabelAtlas.cpp">
      <Filter>CocoGUILIB\Component</Filter>
    </ClCompile>
    <ClCompile Include="..\..\..\..\extensions\GUI\CocoGUILIB\Component\CocoListView.cpp">
      <Filter>CocoGUILIB\Component</Filter>
    </ClCompile>
    <ClCompile Include="..\..\..\..\extensions\GUI\CocoGUILIB\Component\CocoLoadingBar.cpp">
      <Filter>CocoGUILIB\Component</Filter>
    </ClCompile>
    <ClCompile Include="..\..\..\..\extensions\GUI\CocoGUILIB\Component\CocoNodeContainer.cpp">
      <Filter>CocoGUILIB\Component</Filter>
    </ClCompile>
    <ClCompile Include="..\..\..\..\extensions\GUI\CocoGUILIB\Component\CocoPanel.cpp">
      <Filter>CocoGUILIB\Component</Filter>
    </ClCompile>
    <ClCompile Include="..\..\..\..\extensions\GUI\CocoGUILIB\Component\CocoScrollView.cpp">
      <Filter>CocoGUILIB\Component</Filter>
    </ClCompile>
    <ClCompile Include="..\..\..\..\extensions\GUI\CocoGUILIB\Component\CocoSlider.cpp">
      <Filter>CocoGUILIB\Component</Filter>
    </ClCompile>
    <ClCompile Include="..\..\..\..\extensions\GUI\CocoGUILIB\Component\CocoTextArea.cpp">
      <Filter>CocoGUILIB\Component</Filter>
    </ClCompile>
    <ClCompile Include="..\..\..\..\extensions\GUI\CocoGUILIB\Component\CocoTextButton.cpp">
      <Filter>CocoGUILIB\Component</Filter>
    </ClCompile>
    <ClCompile Include="..\..\..\..\extensions\GUI\CocoGUILIB\Component\CocoTextField.cpp">
      <Filter>CocoGUILIB\Component</Filter>
    </ClCompile>
    <ClCompile Include="..\..\..\..\extensions\GUI\CocoGUILIB\System\Json\CSContentJsonDictionary.cpp">
      <Filter>CocoGUILIB\System\Json</Filter>
    </ClCompile>
    <ClCompile Include="..\..\..\..\extensions\GUI\CocoGUILIB\System\Json\lib_json\json_reader.cpp">
      <Filter>CocoGUILIB\System\Json\lib_json</Filter>
    </ClCompile>
    <ClCompile Include="..\..\..\..\extensions\GUI\CocoGUILIB\System\Json\lib_json\json_value.cpp">
      <Filter>CocoGUILIB\System\Json\lib_json</Filter>
    </ClCompile>
    <ClCompile Include="..\..\..\..\extensions\GUI\CocoGUILIB\System\Json\lib_json\json_writer.cpp">
      <Filter>CocoGUILIB\System\Json\lib_json</Filter>
    </ClCompile>
    <ClCompile Include="..\..\..\..\extensions\GUI\CocoGUILIB\System\CCSReader.cpp">
      <Filter>CocoGUILIB\System</Filter>
    </ClCompile>
    <ClCompile Include="..\..\..\..\extensions\GUI\CocoGUILIB\System\CocosGUI.cpp">
      <Filter>CocoGUILIB\System</Filter>
    </ClCompile>
    <ClCompile Include="..\..\..\..\extensions\GUI\CocoGUILIB\System\DictionaryHelper.cpp">
      <Filter>CocoGUILIB\System</Filter>
    </ClCompile>
    <ClCompile Include="..\..\..\..\extensions\GUI\CocoGUILIB\System\InputLayer.cpp">
      <Filter>CocoGUILIB\System</Filter>
    </ClCompile>
    <ClCompile Include="..\..\..\..\extensions\GUI\CocoGUILIB\System\UIInputManager.cpp">
      <Filter>CocoGUILIB\System</Filter>
    </ClCompile>
    <ClCompile Include="..\..\..\..\extensions\GUI\CocoGUILIB\System\UIScene.cpp">
      <Filter>CocoGUILIB\System</Filter>
    </ClCompile>
    <ClCompile Include="..\..\..\..\extensions\GUI\CocoGUILIB\System\UISystem.cpp">
      <Filter>CocoGUILIB\System</Filter>
    </ClCompile>
    <ClCompile Include="..\..\..\..\extensions\GUI\CocoGUILIB\UIElements\UILabelAtlas.cpp">
      <Filter>CocoGUILIB\UIElements</Filter>
    </ClCompile>
    <ClCompile Include="..\..\..\..\extensions\GUI\CocoGUILIB\UIElements\UIScale9Sprite.cpp">
      <Filter>CocoGUILIB\UIElements</Filter>
    </ClCompile>
    <ClCompile Include="..\..\..\..\extensions\GUI\CocoGUILIB\UIElements\UISprite.cpp">
      <Filter>CocoGUILIB\UIElements</Filter>
    </ClCompile>
    <ClCompile Include="..\..\..\..\extensions\GUI\CocoGUILIB\UIElements\UIText.cpp">
      <Filter>CocoGUILIB\UIElements</Filter>
    </ClCompile>
    <ClCompile Include="..\..\..\..\extensions\GUI\CocoGUILIB\UIElements\UITextArea.cpp">
      <Filter>CocoGUILIB\UIElements</Filter>
    </ClCompile>
    <ClCompile Include="..\..\..\..\extensions\GUI\CocoGUILIB\UIElements\UITextField.cpp">
      <Filter>CocoGUILIB\UIElements</Filter>
    </ClCompile>
    <ClCompile Include="..\Classes\GameLogic\MainPlayerLogic.cpp">
      <Filter>Classes\GameLogic</Filter>
    </ClCompile>
    <ClCompile Include="..\Classes\Buff\TimeBuff\TimeBuff.cpp">
      <Filter>Classes\Buff\TimeBuff</Filter>
    </ClCompile>
    <ClCompile Include="..\Classes\GameObject\Monsters\Monster.cpp">
      <Filter>Classes\GameObject\Monsters</Filter>
    </ClCompile>
    <ClCompile Include="..\Classes\GameLogic\GpeLogic.cpp">
      <Filter>Classes\GameLogic</Filter>
    </ClCompile>
    <ClCompile Include="..\Classes\GameObject\Gpe\ReboundWall\ReboundWall.cpp">
      <Filter>Classes\GameObject\Gpe\ReboundWall</Filter>
    </ClCompile>
  </ItemGroup>
  <ItemGroup>
    <ClInclude Include="..\Classes\AppDelegate.h">
      <Filter>Classes</Filter>
    </ClInclude>
    <ClInclude Include="main.h">
      <Filter>win32</Filter>
    </ClInclude>
    <ClInclude Include="..\Classes\AppMacros.h">
      <Filter>Classes</Filter>
    </ClInclude>
    <ClInclude Include="..\Classes\ResourceDefines.h">
      <Filter>Classes</Filter>
    </ClInclude>
    <ClInclude Include="..\Classes\VisibleRect.h">
      <Filter>Classes</Filter>
    </ClInclude>
    <ClInclude Include="..\Classes\GameObject\MainCharacter.h">
      <Filter>Classes\GameObject</Filter>
    </ClInclude>
    <ClInclude Include="..\Classes\utilities\Utilities.h">
      <Filter>Classes\Utilities</Filter>
    </ClInclude>
    <ClInclude Include="..\Classes\GameLogic\MonsterGroupLogic.h">
      <Filter>Classes\GameLogic</Filter>
    </ClInclude>
    <ClInclude Include="..\Classes\GameObject\GameObjectManager\GameObjectManager.h">
      <Filter>Classes\GameObject\GameObjectManager</Filter>
    </ClInclude>
    <ClInclude Include="..\Classes\GameObject\GameObject.h">
      <Filter>Classes\GameObject</Filter>
    </ClInclude>
    <ClInclude Include="..\Classes\GameObject\GameObjectEnum.h">
      <Filter>Classes\GameObject</Filter>
    </ClInclude>
    <ClInclude Include="..\Classes\GameObject\Monsters\AirMonster\CrazyZombie.h">
      <Filter>Classes\GameObject\Monsters\AirMonster</Filter>
    </ClInclude>
    <ClInclude Include="..\Classes\GameObject\Monsters\EarthMonster\StoneMan.h">
      <Filter>Classes\GameObject\Monsters\EarthMonster</Filter>
    </ClInclude>
    <ClInclude Include="..\Classes\GameObject\Items\Item.h">
      <Filter>Classes\GameObject\Items</Filter>
    </ClInclude>
    <ClInclude Include="..\Classes\GameObject\Items\BuffItem\TimeFreezeItem.h">
      <Filter>Classes\GameObject\Items\BuffItem</Filter>
    </ClInclude>
    <ClInclude Include="..\Classes\Buff\Buff.h">
      <Filter>Classes\Buff</Filter>
    </ClInclude>
    <ClInclude Include="..\Classes\Buff\BuffManager\BuffManager.h">
      <Filter>Classes\Buff\BuffManager</Filter>
    </ClInclude>
    <ClInclude Include="..\Classes\Buff\BuffEnum.h">
      <Filter>Classes\Buff</Filter>
    </ClInclude>
    <ClInclude Include="..\Classes\GameObject\Monsters\MonsterFactory\MonsterFactory.h">
      <Filter>Classes\GameObject\Monsters\MonsterFactory</Filter>
    </ClInclude>
    <ClInclude Include="..\Classes\Scene\SceneBase.h">
      <Filter>Classes\Scene</Filter>
    </ClInclude>
    <ClInclude Include="..\Classes\Scene\SceneCredits.h">
      <Filter>Classes\Scene</Filter>
    </ClInclude>
    <ClInclude Include="..\Classes\Scene\SceneGame.h">
      <Filter>Classes\Scene</Filter>
    </ClInclude>
    <ClInclude Include="..\Classes\Scene\SceneManager.h">
      <Filter>Classes\Scene</Filter>
    </ClInclude>
    <ClInclude Include="..\Classes\GameObject\FireBall\Boomerang.h">
      <Filter>Classes\GameObject\FireBall</Filter>
    </ClInclude>
    <ClInclude Include="..\Classes\GameObject\FireBall\FireBall.h">
      <Filter>Classes\GameObject\FireBall</Filter>
    </ClInclude>
    <ClInclude Include="..\..\..\..\extensions\GUI\CocoGUILIB\BaseClasses\Graphics\UIElement.h">
      <Filter>CocoGUILIB\BaseClasses\Graphics</Filter>
    </ClInclude>
    <ClInclude Include="..\..\..\..\extensions\GUI\CocoGUILIB\BaseClasses\Widget\CocoContainerWidget.h">
      <Filter>CocoGUILIB\BaseClasses\Widget</Filter>
    </ClInclude>
    <ClInclude Include="..\..\..\..\extensions\GUI\CocoGUILIB\BaseClasses\Widget\CocoRootWidget.h">
      <Filter>CocoGUILIB\BaseClasses\Widget</Filter>
    </ClInclude>
    <ClInclude Include="..\..\..\..\extensions\GUI\CocoGUILIB\BaseClasses\Widget\CocoWidget.h">
      <Filter>CocoGUILIB\BaseClasses\Widget</Filter>
    </ClInclude>
    <ClInclude Include="..\..\..\..\extensions\GUI\CocoGUILIB\CGraphics\CClipAbleLayerColor.h">
      <Filter>CocoGUILIB\CGraphics</Filter>
    </ClInclude>
    <ClInclude Include="..\..\..\..\extensions\GUI\CocoGUILIB\CGraphics\CClipAbleSprite.h">
      <Filter>CocoGUILIB\CGraphics</Filter>
    </ClInclude>
    <ClInclude Include="..\..\..\..\extensions\GUI\CocoGUILIB\CGraphics\CLabelAtlas.h">
      <Filter>CocoGUILIB\CGraphics</Filter>
    </ClInclude>
    <ClInclude Include="..\..\..\..\extensions\GUI\CocoGUILIB\CGraphics\CPrimitivesNode.h">
      <Filter>CocoGUILIB\CGraphics</Filter>
    </ClInclude>
    <ClInclude Include="..\..\..\..\extensions\GUI\CocoGUILIB\CGraphics\CRenderNode.h">
      <Filter>CocoGUILIB\CGraphics</Filter>
    </ClInclude>
    <ClInclude Include="..\..\..\..\extensions\GUI\CocoGUILIB\CGraphics\CTextField.h">
      <Filter>CocoGUILIB\CGraphics</Filter>
    </ClInclude>
    <ClInclude Include="..\..\..\..\extensions\GUI\CocoGUILIB\CGraphics\GUINodeRGBA.h">
      <Filter>CocoGUILIB\CGraphics</Filter>
    </ClInclude>
    <ClInclude Include="..\..\..\..\extensions\GUI\CocoGUILIB\CGraphics\GUIScale9Sprite.h">
      <Filter>CocoGUILIB\CGraphics</Filter>
    </ClInclude>
    <ClInclude Include="..\..\..\..\extensions\GUI\CocoGUILIB\Component\CocoButton.h">
      <Filter>CocoGUILIB\Component</Filter>
    </ClInclude>
    <ClInclude Include="..\..\..\..\extensions\GUI\CocoGUILIB\Component\CocoCheckBox.h">
      <Filter>CocoGUILIB\Component</Filter>
    </ClInclude>
    <ClInclude Include="..\..\..\..\extensions\GUI\CocoGUILIB\Component\CocoImageButton.h">
      <Filter>CocoGUILIB\Component</Filter>
    </ClInclude>
    <ClInclude Include="..\..\..\..\extensions\GUI\CocoGUILIB\Component\CocoImageView.h">
      <Filter>CocoGUILIB\Component</Filter>
    </ClInclude>
    <ClInclude Include="..\..\..\..\extensions\GUI\CocoGUILIB\Component\CocoLabel.h">
      <Filter>CocoGUILIB\Component</Filter>
    </ClInclude>
    <ClInclude Include="..\..\..\..\extensions\GUI\CocoGUILIB\Component\CocoLabelAtlas.h">
      <Filter>CocoGUILIB\Component</Filter>
    </ClInclude>
    <ClInclude Include="..\..\..\..\extensions\GUI\CocoGUILIB\Component\CocoListView.h">
      <Filter>CocoGUILIB\Component</Filter>
    </ClInclude>
    <ClInclude Include="..\..\..\..\extensions\GUI\CocoGUILIB\Component\CocoLoadingBar.h">
      <Filter>CocoGUILIB\Component</Filter>
    </ClInclude>
    <ClInclude Include="..\..\..\..\extensions\GUI\CocoGUILIB\Component\CocoNodeContainer.h">
      <Filter>CocoGUILIB\Component</Filter>
    </ClInclude>
    <ClInclude Include="..\..\..\..\extensions\GUI\CocoGUILIB\Component\CocoPanel.h">
      <Filter>CocoGUILIB\Component</Filter>
    </ClInclude>
    <ClInclude Include="..\..\..\..\extensions\GUI\CocoGUILIB\Component\CocoScrollView.h">
      <Filter>CocoGUILIB\Component</Filter>
    </ClInclude>
    <ClInclude Include="..\..\..\..\extensions\GUI\CocoGUILIB\Component\CocoSlider.h">
      <Filter>CocoGUILIB\Component</Filter>
    </ClInclude>
    <ClInclude Include="..\..\..\..\extensions\GUI\CocoGUILIB\Component\CocoTextArea.h">
      <Filter>CocoGUILIB\Component</Filter>
    </ClInclude>
    <ClInclude Include="..\..\..\..\extensions\GUI\CocoGUILIB\Component\CocoTextButton.h">
      <Filter>CocoGUILIB\Component</Filter>
    </ClInclude>
    <ClInclude Include="..\..\..\..\extensions\GUI\CocoGUILIB\Component\CocoTextField.h">
      <Filter>CocoGUILIB\Component</Filter>
    </ClInclude>
    <ClInclude Include="..\..\..\..\extensions\GUI\CocoGUILIB\System\Json\CSContentJsonDictionary.h">
      <Filter>CocoGUILIB\System\Json</Filter>
    </ClInclude>
    <ClInclude Include="..\..\..\..\extensions\GUI\CocoGUILIB\System\Json\json\autolink.h">
      <Filter>CocoGUILIB\System\Json\json</Filter>
    </ClInclude>
    <ClInclude Include="..\..\..\..\extensions\GUI\CocoGUILIB\System\Json\json\config.h">
      <Filter>CocoGUILIB\System\Json\json</Filter>
    </ClInclude>
    <ClInclude Include="..\..\..\..\extensions\GUI\CocoGUILIB\System\Json\json\features.h">
      <Filter>CocoGUILIB\System\Json\json</Filter>
    </ClInclude>
    <ClInclude Include="..\..\..\..\extensions\GUI\CocoGUILIB\System\Json\json\forwards.h">
      <Filter>CocoGUILIB\System\Json\json</Filter>
    </ClInclude>
    <ClInclude Include="..\..\..\..\extensions\GUI\CocoGUILIB\System\Json\json\json_lib.h">
      <Filter>CocoGUILIB\System\Json\json</Filter>
    </ClInclude>
    <ClInclude Include="..\..\..\..\extensions\GUI\CocoGUILIB\System\Json\json\reader.h">
      <Filter>CocoGUILIB\System\Json\json</Filter>
    </ClInclude>
    <ClInclude Include="..\..\..\..\extensions\GUI\CocoGUILIB\System\Json\json\value.h">
      <Filter>CocoGUILIB\System\Json\json</Filter>
    </ClInclude>
    <ClInclude Include="..\..\..\..\extensions\GUI\CocoGUILIB\System\Json\json\writer.h">
      <Filter>CocoGUILIB\System\Json\json</Filter>
    </ClInclude>
    <ClInclude Include="..\..\..\..\extensions\GUI\CocoGUILIB\System\Json\lib_json\json_batchallocator.h">
      <Filter>CocoGUILIB\System\Json\lib_json</Filter>
    </ClInclude>
    <ClInclude Include="..\..\..\..\extensions\GUI\CocoGUILIB\System\Json\lib_json\json_tool.h">
      <Filter>CocoGUILIB\System\Json\lib_json</Filter>
    </ClInclude>
    <ClInclude Include="..\..\..\..\extensions\GUI\CocoGUILIB\System\CCSReader.h">
      <Filter>CocoGUILIB\System</Filter>
    </ClInclude>
    <ClInclude Include="..\..\..\..\extensions\GUI\CocoGUILIB\System\CocosGUI.h">
      <Filter>CocoGUILIB\System</Filter>
    </ClInclude>
    <ClInclude Include="..\..\..\..\extensions\GUI\CocoGUILIB\System\DictionaryHelper.h">
      <Filter>CocoGUILIB\System</Filter>
    </ClInclude>
    <ClInclude Include="..\..\..\..\extensions\GUI\CocoGUILIB\System\InputLayer.h">
      <Filter>CocoGUILIB\System</Filter>
    </ClInclude>
    <ClInclude Include="..\..\..\..\extensions\GUI\CocoGUILIB\System\UIInputManager.h">
      <Filter>CocoGUILIB\System</Filter>
    </ClInclude>
    <ClInclude Include="..\..\..\..\extensions\GUI\CocoGUILIB\System\UIScene.h">
      <Filter>CocoGUILIB\System</Filter>
    </ClInclude>
    <ClInclude Include="..\..\..\..\extensions\GUI\CocoGUILIB\System\UISystem.h">
      <Filter>CocoGUILIB\System</Filter>
    </ClInclude>
    <ClInclude Include="..\..\..\..\extensions\GUI\CocoGUILIB\UIElements\UILabelAtlas.h">
      <Filter>CocoGUILIB\UIElements</Filter>
    </ClInclude>
    <ClInclude Include="..\..\..\..\extensions\GUI\CocoGUILIB\UIElements\UIScale9Sprite.h">
      <Filter>CocoGUILIB\UIElements</Filter>
    </ClInclude>
    <ClInclude Include="..\..\..\..\extensions\GUI\CocoGUILIB\UIElements\UISprite.h">
      <Filter>CocoGUILIB\UIElements</Filter>
    </ClInclude>
    <ClInclude Include="..\..\..\..\extensions\GUI\CocoGUILIB\UIElements\UIText.h">
      <Filter>CocoGUILIB\UIElements</Filter>
    </ClInclude>
    <ClInclude Include="..\..\..\..\extensions\GUI\CocoGUILIB\UIElements\UITextArea.h">
      <Filter>CocoGUILIB\UIElements</Filter>
    </ClInclude>
    <ClInclude Include="..\..\..\..\extensions\GUI\CocoGUILIB\UIElements\UITextField.h">
      <Filter>CocoGUILIB\UIElements</Filter>
    </ClInclude>
    <ClInclude Include="..\Classes\GameLogic\MainPlayerLogic.h">
      <Filter>Classes\GameLogic</Filter>
    </ClInclude>
    <ClInclude Include="..\Classes\Buff\TimeBuff\TimeBuff.h">
      <Filter>Classes\Buff\TimeBuff</Filter>
    </ClInclude>
    <ClInclude Include="..\Classes\utilities\FSM\FsmInclude.h">
      <Filter>Classes\Utilities\FSM</Filter>
    </ClInclude>
    <ClInclude Include="..\Classes\utilities\FSM\FsmMacros.h">
      <Filter>Classes\Utilities\FSM</Filter>
    </ClInclude>
    <ClInclude Include="..\Classes\utilities\FSM\StateMacros.h">
      <Filter>Classes\Utilities\FSM</Filter>
    </ClInclude>
    <ClInclude Include="..\Classes\utilities\FSM\TransitionClusterMacros.h">
      <Filter>Classes\Utilities\FSM</Filter>
    </ClInclude>
    <ClInclude Include="..\Classes\utilities\FSM\TransitionMacros.h">
      <Filter>Classes\Utilities\FSM</Filter>
    </ClInclude>
    <ClInclude Include="..\Classes\utilities\FSM\Fsm.h">
      <Filter>Classes\Utilities\FSM</Filter>
    </ClInclude>
    <ClInclude Include="..\Classes\utilities\FSM\Fsm.hpp">
      <Filter>Classes\Utilities\FSM</Filter>
    </ClInclude>
    <ClInclude Include="..\Classes\utilities\Singleton.h">
      <Filter>Classes\Utilities</Filter>
    </ClInclude>
    <ClInclude Include="..\Classes\GameObject\Monsters\Monster.h">
      <Filter>Classes\GameObject\Monsters</Filter>
    </ClInclude>
    <ClInclude Include="..\Classes\GameLogic\GpeLogic.h">
      <Filter>Classes\GameLogic</Filter>
    </ClInclude>
    <ClInclude Include="..\Classes\GameObject\Gpe\ReboundWall\ReboundWall.h">
      <Filter>Classes\GameObject\Gpe\ReboundWall</Filter>
    </ClInclude>
  </ItemGroup>
  <ItemGroup>
    <None Include="..\..\..\..\extensions\GUI\CocoGUILIB\System\Json\lib_json\json_internalarray.inl">
      <Filter>CocoGUILIB\System\Json\lib_json</Filter>
    </None>
    <None Include="..\..\..\..\extensions\GUI\CocoGUILIB\System\Json\lib_json\json_internalmap.inl">
      <Filter>CocoGUILIB\System\Json\lib_json</Filter>
    </None>
    <None Include="..\..\..\..\extensions\GUI\CocoGUILIB\System\Json\lib_json\json_valueiterator.inl">
      <Filter>CocoGUILIB\System\Json\lib_json</Filter>
    </None>
    <None Include="..\..\..\..\extensions\GUI\CocoGUILIB\System\Json\lib_json\sconscript">
      <Filter>CocoGUILIB\System\Json\lib_json</Filter>
    </None>
  </ItemGroup>
</Project>